Microsoft Visual Studio Solution File, Format Version 12.00
# Visual Studio Version 17
VisualStudioVersion = 17.5.2.0
MinimumVisualStudioVersion = 10.0.40219.1
Project("{FAE04EC0-301F-11D3-BF4B-00C04F79EFBC}") = "Auriqo-Web-Api-Backend", "Auriqo-Web-Api-Backend.csproj", "{E9679CB6-C4EE-D16D-2F16-8B9AF1988C0C}"
EndProject
Global
	GlobalSection(SolutionConfigurationPlatforms) = preSolution
		Debug|Any CPU = Debug|Any CPU
		Release|Any CPU = Release|Any CPU
	EndGlobalSection
	GlobalSection(ProjectConfigurationPlatforms) = postSolution
		{E9679CB6-C4EE-D16D-2F16-8B9AF1988C0C}.Debug|Any CPU.ActiveCfg = Debug|Any CPU
		{E9679CB6-C4EE-D16D-2F16-8B9AF1988C0C}.Debug|Any CPU.Build.0 = Debug|Any CPU
		{E9679CB6-C4EE-D16D-2F16-8B9AF1988C0C}.Release|Any CPU.ActiveCfg = Release|Any CPU
		{E9679CB6-C4EE-D16D-2F16-8B9AF1988C0C}.Release|Any CPU.Build.0 = Release|Any CPU
	EndGlobalSection
	GlobalSection(SolutionProperties) = preSolution
		HideSolutionNode = FALSE
	EndGlobalSection
	GlobalSection(ExtensibilityGlobals) = postSolution
		SolutionGuid = {9A34E395-4E3D-4701-B2D9-EDDB5C127F2D}
	EndGlobalSection
EndGlobal
